
Microsoft Visual Studio Solution File, Format Version 12.00
# Visual Studio 14
VisualStudioVersion = 14.0.25123.0
MinimumVisualStudioVersion = 10.0.40219.1
Project("{FAE04EC0-301F-11D3-BF4B-00C04F79EFBC}") = "AgroMarketRD.Core", "AgroMarketRD.Core\AgroMarketRD.Core.csproj", "{6CB50C72-6E6D-4AEB-8C5A-178C96CD57FA}"
EndProject
Project("{FAE04EC0-301F-11D3-BF4B-00C04F79EFBC}") = "AgroMarketRD.Service", "AgroMarket.Service\AgroMarketRD.Service.csproj", "{076A390E-A95B-425B-8D7F-ACE1132C614A}"
EndProject
Project("{FAE04EC0-301F-11D3-BF4B-00C04F79EFBC}") = "AgroMarketRD.Playground", "AgroMarketRD.Playground\AgroMarketRD.Playground.csproj", "{4F0AB6BE-F4CE-443E-8A47-324843B9458D}"
	ProjectSection(ProjectDependencies) = postProject
		{076A390E-A95B-425B-8D7F-ACE1132C614A} = {076A390E-A95B-425B-8D7F-ACE1132C614A}
	EndProjectSection
EndProject
Global
	GlobalSection(SolutionConfigurationPlatforms) = preSolution
		Debug|Any CPU = Debug|Any CPU
		Release|Any CPU = Release|Any CPU
	EndGlobalSection
	GlobalSection(ProjectConfigurationPlatforms) = postSolution
		{6CB50C72-6E6D-4AEB-8C5A-178C96CD57FA}.Debug|Any CPU.ActiveCfg = Debug|Any CPU
		{6CB50C72-6E6D-4AEB-8C5A-178C96CD57FA}.Debug|Any CPU.Build.0 = Debug|Any CPU
		{6CB50C72-6E6D-4AEB-8C5A-178C96CD57FA}.Release|Any CPU.ActiveCfg = Release|Any CPU
		{6CB50C72-6E6D-4AEB-8C5A-178C96CD57FA}.Release|Any CPU.Build.0 = Release|Any CPU
		{076A390E-A95B-425B-8D7F-ACE1132C614A}.Debug|Any CPU.ActiveCfg = Debug|Any CPU
		{076A390E-A95B-425B-8D7F-ACE1132C614A}.Debug|Any CPU.Build.0 = Debug|Any CPU
		{076A390E-A95B-425B-8D7F-ACE1132C614A}.Release|Any CPU.ActiveCfg = Release|Any CPU
		{076A390E-A95B-425B-8D7F-ACE1132C614A}.Release|Any CPU.Build.0 = Release|Any CPU
		{4F0AB6BE-F4CE-443E-8A47-324843B9458D}.Debug|Any CPU.ActiveCfg = Debug|Any CPU
		{4F0AB6BE-F4CE-443E-8A47-324843B9458D}.Debug|Any CPU.Build.0 = Debug|Any CPU
		{4F0AB6BE-F4CE-443E-8A47-324843B9458D}.Release|Any CPU.ActiveCfg = Release|Any CPU
		{4F0AB6BE-F4CE-443E-8A47-324843B9458D}.Release|Any CPU.Build.0 = Release|Any CPU
	EndGlobalSection
	GlobalSection(SolutionProperties) = preSolution
		HideSolutionNode = FALSE
	EndGlobalSection
EndGlobal
